
Microsoft Visual Studio Solution File, Format Version 12.00
# Visual Studio Version 16
VisualStudioVersion = 16.0.29613.14
MinimumVisualStudioVersion = 10.0.40219.1
Project("{FAE04EC0-301F-11D3-BF4B-00C04F79EFBC}") = "MyFirstApp", "MyFirstApp\MyFirstApp.csproj", "{3B4A8083-C13A-4E95-8D87-4F15E7F29AB6}"
EndProject
Global
	GlobalSection(SolutionConfigurationPlatforms) = preSolution
		Debug|Any CPU = Debug|Any CPU
		Release|Any CPU = Release|Any CPU
	EndGlobalSection
	GlobalSection(ProjectConfigurationPlatforms) = postSolution
		{3B4A8083-C13A-4E95-8D87-4F15E7F29AB6}.Debug|Any CPU.ActiveCfg = Debug|Any CPU
		{3B4A8083-C13A-4E95-8D87-4F15E7F29AB6}.Debug|Any CPU.Build.0 = Debug|Any CPU
		{3B4A8083-C13A-4E95-8D87-4F15E7F29AB6}.Release|Any CPU.ActiveCfg = Release|Any CPU
		{3B4A8083-C13A-4E95-8D87-4F15E7F29AB6}.Release|Any CPU.Build.0 = Release|Any CPU
	EndGlobalSection
	GlobalSection(SolutionProperties) = preSolution
		HideSolutionNode = FALSE
	EndGlobalSection
	GlobalSection(ExtensibilityGlobals) = postSolution
		SolutionGuid = {65033BDC-E9FD-4712-B22B-E0EE89113500}
	EndGlobalSection
EndGlobal
